
Microsoft Visual Studio Solution File, Format Version 12.00
# Visual Studio Version 17
VisualStudioVersion = 17.14.36203.30
MinimumVisualStudioVersion = 10.0.40219.1
Project("{8BC9CEB8-8B4A-11D0-8D11-00A0C91BC942}") = "LAB04", "LAB04.vcxproj", "{CC83063D-1823-4763-AE63-3A5BA19D69E0}"
EndProject
Project("{8BC9CEB8-8B4A-11D0-8D11-00A0C91BC942}") = "LAB401", "..\LAB401\LAB401.vcxproj", "{D3A08A16-F666-4578-8BF3-FCE3CCF7FF22}"
EndProject
Project("{8BC9CEB8-8B4A-11D0-8D11-00A0C91BC942}") = "LAB402", "..\LAB402\LAB402.vcxproj", "{ED876E59-E5F8-4DA1-9029-9E8EABE1F06E}"
EndProject
Project("{8BC9CEB8-8B4A-11D0-8D11-00A0C91BC942}") = "LAB403", "..\LAB403\LAB403.vcxproj", "{15B8AD3A-0C46-4350-BDD4-CD15D73F1064}"
EndProject
Project("{8BC9CEB8-8B4A-11D0-8D11-00A0C91BC942}") = "LAB404", "..\LAB404\LAB404.vcxproj", "{7DCE2C24-4DB7-4A5A-8471-909FAFA8A845}"
EndProject
Project("{8BC9CEB8-8B4A-11D0-8D11-00A0C91BC942}") = "LAB405", "..\LAB405\LAB405.vcxproj", "{138C938F-D3E8-4E94-A533-2D143D5E326A}"
EndProject
Project("{8BC9CEB8-8B4A-11D0-8D11-00A0C91BC942}") = "LAB406", "..\LAB406\LAB406.vcxproj", "{7D99D059-B2E4-4EF5-89A0-55636B75A9CC}"
EndProject
Global
	GlobalSection(SolutionConfigurationPlatforms) = preSolution
		Debug|x64 = Debug|x64
		Debug|x86 = Debug|x86
		Release|x64 = Release|x64
		Release|x86 = Release|x86
	EndGlobalSection
	GlobalSection(ProjectConfigurationPlatforms) = postSolution
		{CC83063D-1823-4763-AE63-3A5BA19D69E0}.Debug|x64.ActiveCfg = Debug|x64
		{CC83063D-1823-4763-AE63-3A5BA19D69E0}.Debug|x64.Build.0 = Debug|x64
		{CC83063D-1823-4763-AE63-3A5BA19D69E0}.Debug|x86.ActiveCfg = Debug|Win32
		{CC83063D-1823-4763-AE63-3A5BA19D69E0}.Debug|x86.Build.0 = Debug|Win32
		{CC83063D-1823-4763-AE63-3A5BA19D69E0}.Release|x64.ActiveCfg = Release|x64
		{CC83063D-1823-4763-AE63-3A5BA19D69E0}.Release|x64.Build.0 = Release|x64
		{CC83063D-1823-4763-AE63-3A5BA19D69E0}.Release|x86.ActiveCfg = Release|Win32
		{CC83063D-1823-4763-AE63-3A5BA19D69E0}.Release|x86.Build.0 = Release|Win32
		{D3A08A16-F666-4578-8BF3-FCE3CCF7FF22}.Debug|x64.ActiveCfg = Debug|x64
		{D3A08A16-F666-4578-8BF3-FCE3CCF7FF22}.Debug|x64.Build.0 = Debug|x64
		{D3A08A16-F666-4578-8BF3-FCE3CCF7FF22}.Debug|x86.ActiveCfg = Debug|Win32
		{D3A08A16-F666-4578-8BF3-FCE3CCF7FF22}.Debug|x86.Build.0 = Debug|Win32
		{D3A08A16-F666-4578-8BF3-FCE3CCF7FF22}.Release|x64.ActiveCfg = Release|x64
		{D3A08A16-F666-4578-8BF3-FCE3CCF7FF22}.Release|x64.Build.0 = Release|x64
		{D3A08A16-F666-4578-8BF3-FCE3CCF7FF22}.Release|x86.ActiveCfg = Release|Win32
		{D3A08A16-F666-4578-8BF3-FCE3CCF7FF22}.Release|x86.Build.0 = Release|Win32
		{ED876E59-E5F8-4DA1-9029-9E8EABE1F06E}.Debug|x64.ActiveCfg = Debug|x64
		{ED876E59-E5F8-4DA1-9029-9E8EABE1F06E}.Debug|x64.Build.0 = Debug|x64
		{ED876E59-E5F8-4DA1-9029-9E8EABE1F06E}.Debug|x86.ActiveCfg = Debug|Win32
		{ED876E59-E5F8-4DA1-9029-9E8EABE1F06E}.Debug|x86.Build.0 = Debug|Win32
		{ED876E59-E5F8-4DA1-9029-9E8EABE1F06E}.Release|x64.ActiveCfg = Release|x64
		{ED876E59-E5F8-4DA1-9029-9E8EABE1F06E}.Release|x64.Build.0 = Release|x64
		{ED876E59-E5F8-4DA1-9029-9E8EABE1F06E}.Release|x86.ActiveCfg = Release|Win32
		{ED876E59-E5F8-4DA1-9029-9E8EABE1F06E}.Release|x86.Build.0 = Release|Win32
		{15B8AD3A-0C46-4350-BDD4-CD15D73F1064}.Debug|x64.ActiveCfg = Debug|x64
		{15B8AD3A-0C46-4350-BDD4-CD15D73F1064}.Debug|x64.Build.0 = Debug|x64
		{15B8AD3A-0C46-4350-BDD4-CD15D73F1064}.Debug|x86.ActiveCfg = Debug|Win32
		{15B8AD3A-0C46-4350-BDD4-CD15D73F1064}.Debug|x86.Build.0 = Debug|Win32
		{15B8AD3A-0C46-4350-BDD4-CD15D73F1064}.Release|x64.ActiveCfg = Release|x64
		{15B8AD3A-0C46-4350-BDD4-CD15D73F1064}.Release|x64.Build.0 = Release|x64
		{15B8AD3A-0C46-4350-BDD4-CD15D73F1064}.Release|x86.ActiveCfg = Release|Win32
		{15B8AD3A-0C46-4350-BDD4-CD15D73F1064}.Release|x86.Build.0 = Release|Win32
		{7DCE2C24-4DB7-4A5A-8471-909FAFA8A845}.Debug|x64.ActiveCfg = Debug|x64
		{7DCE2C24-4DB7-4A5A-8471-909FAFA8A845}.Debug|x64.Build.0 = Debug|x64
		{7DCE2C24-4DB7-4A5A-8471-909FAFA8A845}.Debug|x86.ActiveCfg = Debug|Win32
		{7DCE2C24-4DB7-4A5A-8471-909FAFA8A845}.Debug|x86.Build.0 = Debug|Win32
		{7DCE2C24-4DB7-4A5A-8471-909FAFA8A845}.Release|x64.ActiveCfg = Release|x64
		{7DCE2C24-4DB7-4A5A-8471-909FAFA8A845}.Release|x64.Build.0 = Release|x64
		{7DCE2C24-4DB7-4A5A-8471-909FAFA8A845}.Release|x86.ActiveCfg = Release|Win32
		{7DCE2C24-4DB7-4A5A-8471-909FAFA8A845}.Release|x86.Build.0 = Release|Win32
		{138C938F-D3E8-4E94-A533-2D143D5E326A}.Debug|x64.ActiveCfg = Debug|x64
		{138C938F-D3E8-4E94-A533-2D143D5E326A}.Debug|x64.Build.0 = Debug|x64
		{138C938F-D3E8-4E94-A533-2D143D5E326A}.Debug|x86.ActiveCfg = Debug|Win32
		{138C938F-D3E8-4E94-A533-2D143D5E326A}.Debug|x86.Build.0 = Debug|Win32
		{138C938F-D3E8-4E94-A533-2D143D5E326A}.Release|x64.ActiveCfg = Release|x64
		{138C938F-D3E8-4E94-A533-2D143D5E326A}.Release|x64.Build.0 = Release|x64
		{138C938F-D3E8-4E94-A533-2D143D5E326A}.Release|x86.ActiveCfg = Release|Win32
		{138C938F-D3E8-4E94-A533-2D143D5E326A}.Release|x86.Build.0 = Release|Win32
		{7D99D059-B2E4-4EF5-89A0-55636B75A9CC}.Debug|x64.ActiveCfg = Debug|x64
		{7D99D059-B2E4-4EF5-89A0-55636B75A9CC}.Debug|x64.Build.0 = Debug|x64
		{7D99D059-B2E4-4EF5-89A0-55636B75A9CC}.Debug|x86.ActiveCfg = Debug|Win32
		{7D99D059-B2E4-4EF5-89A0-55636B75A9CC}.Debug|x86.Build.0 = Debug|Win32
		{7D99D059-B2E4-4EF5-89A0-55636B75A9CC}.Release|x64.ActiveCfg = Release|x64
		{7D99D059-B2E4-4EF5-89A0-55636B75A9CC}.Release|x64.Build.0 = Release|x64
		{7D99D059-B2E4-4EF5-89A0-55636B75A9CC}.Release|x86.ActiveCfg = Release|Win32
		{7D99D059-B2E4-4EF5-89A0-55636B75A9CC}.Release|x86.Build.0 = Release|Win32
	EndGlobalSection
	GlobalSection(SolutionProperties) = preSolution
		HideSolutionNode = FALSE
	EndGlobalSection
	GlobalSection(ExtensibilityGlobals) = postSolution
		SolutionGuid = {C56A1889-ABFD-49EE-8909-3E2EFECE10EA}
	EndGlobalSection
EndGlobal
